// !$*UTF8*$!
{
	archiveVersion = 1;
	classes = {
	};
	objectVersion = 56;
	objects = {

/* Begin PBXBuildFile section */
		CE2621262AE31AFB00ADD2A3 /* TabBarController.swift in Sources */ = {isa = PBXBuildFile; fileRef = CE2621252AE31AFB00ADD2A3 /* TabBarController.swift */; };
		CE2621282AE320A100ADD2A3 /* StoreController.swift in Sources */ = {isa = PBXBuildFile; fileRef = CE2621272AE320A100ADD2A3 /* StoreController.swift */; };
		CE26212A2AE320B100ADD2A3 /* ProfileController.swift in Sources */ = {isa = PBXBuildFile; fileRef = CE2621292AE320B100ADD2A3 /* ProfileController.swift */; };
		CEB0C36F2AD494B000AE3AB9 /* UIColorExtentions.swift in Sources */ = {isa = PBXBuildFile; fileRef = CEB0C36E2AD494B000AE3AB9 /* UIColorExtentions.swift */; };
		CEB0C3722AD4954400AE3AB9 /* Color.swift in Sources */ = {isa = PBXBuildFile; fileRef = CEB0C3712AD4954400AE3AB9 /* Color.swift */; };
		CEB0C3752AD495EC00AE3AB9 /* UIColor+RGB.swift in Sources */ = {isa = PBXBuildFile; fileRef = CEB0C3742AD495EC00AE3AB9 /* UIColor+RGB.swift */; };
		CEB0C3782AD5B4DF00AE3AB9 /* PostCell.swift in Sources */ = {isa = PBXBuildFile; fileRef = CEB0C3772AD5B4DF00AE3AB9 /* PostCell.swift */; };
		CEE1F11D2ADACBD700FC6F14 /* PinLayout in Frameworks */ = {isa = PBXBuildFile; productRef = CEE1F11C2ADACBD700FC6F14 /* PinLayout */; };
		CEE1F1202ADB01DB00FC6F14 /* PostCellModels.swift in Sources */ = {isa = PBXBuildFile; fileRef = CEE1F11F2ADB01DB00FC6F14 /* PostCellModels.swift */; };
		CEE1F1222ADB046800FC6F14 /* PostCellDataModel.swift in Sources */ = {isa = PBXBuildFile; fileRef = CEE1F1212ADB046800FC6F14 /* PostCellDataModel.swift */; };
		CEE7B7692AB0E070001F740D /* AppDelegate.swift in Sources */ = {isa = PBXBuildFile; fileRef = CEE7B7682AB0E070001F740D /* AppDelegate.swift */; };
		CEE7B76B2AB0E070001F740D /* SceneDelegate.swift in Sources */ = {isa = PBXBuildFile; fileRef = CEE7B76A2AB0E070001F740D /* SceneDelegate.swift */; };
		CEE7B76D2AB0E070001F740D /* ViewController.swift in Sources */ = {isa = PBXBuildFile; fileRef = CEE7B76C2AB0E070001F740D /* ViewController.swift */; };
		CEE7B7702AB0E070001F740D /* Main.storyboard in Resources */ = {isa = PBXBuildFile; fileRef = CEE7B76E2AB0E070001F740D /* Main.storyboard */; };
		CEE7B7722AB0E072001F740D /* Assets.xcassets in Resources */ = {isa = PBXBuildFile; fileRef = CEE7B7712AB0E072001F740D /* Assets.xcassets */; };
		CEE7B7752AB0E072001F740D /* LaunchScreen.storyboard in Resources */ = {isa = PBXBuildFile; fileRef = CEE7B7732AB0E072001F740D /* LaunchScreen.storyboard */; };
		CEE7B77F2AB37E2E001F740D /* ViewHomeController.swift in Sources */ = {isa = PBXBuildFile; fileRef = CEE7B77E2AB37E2E001F740D /* ViewHomeController.swift */; };
		CEF513592AD87B0E004F9D42 /* PinLayout in Frameworks */ = {isa = PBXBuildFile; productRef = CEF513582AD87B0E004F9D42 /* PinLayout */; };
/* End PBXBuildFile section */

/* Begin PBXFileReference section */
		CE2621252AE31AFB00ADD2A3 /* TabBarController.swift */ = {isa = PBXFileReference; lastKnownFileType = sourcecode.swift; path = TabBarController.swift; sourceTree = "<group>"; };
		CE2621272AE320A100ADD2A3 /* StoreController.swift */ = {isa = PBXFileReference; lastKnownFileType = sourcecode.swift; path = StoreController.swift; sourceTree = "<group>"; };
		CE2621292AE320B100ADD2A3 /* ProfileController.swift */ = {isa = PBXFileReference; lastKnownFileType = sourcecode.swift; path = ProfileController.swift; sourceTree = "<group>"; };
		CEB0C36E2AD494B000AE3AB9 /* UIColorExtentions.swift */ = {isa = PBXFileReference; lastKnownFileType = sourcecode.swift; path = UIColorExtentions.swift; sourceTree = "<group>"; };
		CEB0C3712AD4954400AE3AB9 /* Color.swift */ = {isa = PBXFileReference; lastKnownFileType = sourcecode.swift; path = Color.swift; sourceTree = "<group>"; };
		CEB0C3742AD495EC00AE3AB9 /* UIColor+RGB.swift */ = {isa = PBXFileReference; lastKnownFileType = sourcecode.swift; path = "UIColor+RGB.swift"; sourceTree = "<group>"; };
		CEB0C3772AD5B4DF00AE3AB9 /* PostCell.swift */ = {isa = PBXFileReference; lastKnownFileType = sourcecode.swift; path = PostCell.swift; sourceTree = "<group>"; };
		CEB0C37A2AD870C800AE3AB9 /* PinLayout */ = {isa = PBXFileReference; lastKnownFileType = wrapper; name = PinLayout; path = ../PinLayout; sourceTree = "<group>"; };
		CEB0C37B2AD870DA00AE3AB9 /* PinLayout */ = {isa = PBXFileReference; lastKnownFileType = wrapper; name = PinLayout; path = ../PinLayout; sourceTree = "<group>"; };
		CEE1F11F2ADB01DB00FC6F14 /* PostCellModels.swift */ = {isa = PBXFileReference; lastKnownFileType = sourcecode.swift; path = PostCellModels.swift; sourceTree = "<group>"; };
		CEE1F1212ADB046800FC6F14 /* PostCellDataModel.swift */ = {isa = PBXFileReference; lastKnownFileType = sourcecode.swift; path = PostCellDataModel.swift; sourceTree = "<group>"; };
		CEE7B7652AB0E06F001F740D /* Green.app */ = {isa = PBXFileReference; explicitFileType = wrapper.application; includeInIndex = 0; path = Green.app; sourceTree = BUILT_PRODUCTS_DIR; };
		CEE7B7682AB0E070001F740D /* AppDelegate.swift */ = {isa = PBXFileReference; lastKnownFileType = sourcecode.swift; path = AppDelegate.swift; sourceTree = "<group>"; };
		CEE7B76A2AB0E070001F740D /* SceneDelegate.swift */ = {isa = PBXFileReference; lastKnownFileType = sourcecode.swift; path = SceneDelegate.swift; sourceTree = "<group>"; };
		CEE7B76C2AB0E070001F740D /* ViewController.swift */ = {isa = PBXFileReference; lastKnownFileType = sourcecode.swift; path = ViewController.swift; sourceTree = "<group>"; };
		CEE7B76F2AB0E070001F740D /* Base */ = {isa = PBXFileReference; lastKnownFileType = file.storyboard; name = Base; path = Base.lproj/Main.storyboard; sourceTree = "<group>"; };
		CEE7B7712AB0E072001F740D /* Assets.xcassets */ = {isa = PBXFileReference; lastKnownFileType = folder.assetcatalog; path = Assets.xcassets; sourceTree = "<group>"; };
		CEE7B7742AB0E072001F740D /* Base */ = {isa = PBXFileReference; lastKnownFileType = file.storyboard; name = Base; path = Base.lproj/LaunchScreen.storyboard; sourceTree = "<group>"; };
		CEE7B7762AB0E072001F740D /* Info.plist */ = {isa = PBXFileReference; lastKnownFileType = text.plist.xml; path = Info.plist; sourceTree = "<group>"; };
		CEE7B77E2AB37E2E001F740D /* ViewHomeController.swift */ = {isa = PBXFileReference; lastKnownFileType = sourcecode.swift; path = ViewHomeController.swift; sourceTree = "<group>"; };
/* End PBXFileReference section */

/* Begin PBXFrameworksBuildPhase section */
		CEE7B7622AB0E06F001F740D /* Frameworks */ = {
			isa = PBXFrameworksBuildPhase;
			buildActionMask = 2147483647;
			files = (
				CEE1F11D2ADACBD700FC6F14 /* PinLayout in Frameworks */,
				CEF513592AD87B0E004F9D42 /* PinLayout in Frameworks */,
			);
			runOnlyForDeploymentPostprocessing = 0;
		};
/* End PBXFrameworksBuildPhase section */

/* Begin PBXGroup section */
		CEB0C36D2AD4948A00AE3AB9 /* Extentions */ = {
			isa = PBXGroup;
			children = (
				CEB0C3702AD4952400AE3AB9 /* Helpers */,
				CEB0C36E2AD494B000AE3AB9 /* UIColorExtentions.swift */,
			);
			path = Extentions;
			sourceTree = "<group>";
		};
		CEB0C3702AD4952400AE3AB9 /* Helpers */ = {
			isa = PBXGroup;
			children = (
				CEB0C3712AD4954400AE3AB9 /* Color.swift */,
				CEB0C3742AD495EC00AE3AB9 /* UIColor+RGB.swift */,
			);
			path = Helpers;
			sourceTree = "<group>";
		};
		CEB0C3732AD4955200AE3AB9 /* Controllers */ = {
			isa = PBXGroup;
			children = (
				CE2621252AE31AFB00ADD2A3 /* TabBarController.swift */,
				CEE7B76C2AB0E070001F740D /* ViewController.swift */,
				CEE7B77E2AB37E2E001F740D /* ViewHomeController.swift */,
				CE2621272AE320A100ADD2A3 /* StoreController.swift */,
				CE2621292AE320B100ADD2A3 /* ProfileController.swift */,
			);
			path = Controllers;
			sourceTree = "<group>";
		};
		CEB0C3762AD5B4B000AE3AB9 /* Cell */ = {
			isa = PBXGroup;
			children = (
				CEB0C3772AD5B4DF00AE3AB9 /* PostCell.swift */,
			);
			path = Cell;
			sourceTree = "<group>";
		};
		CEB0C3792AD870C700AE3AB9 /* Packages */ = {
			isa = PBXGroup;
			children = (
				CEB0C37A2AD870C800AE3AB9 /* PinLayout */,
				CEB0C37B2AD870DA00AE3AB9 /* PinLayout */,
			);
			name = Packages;
			sourceTree = "<group>";
		};
		CEE1F11E2ADB01B000FC6F14 /* Models */ = {
			isa = PBXGroup;
			children = (
				CEE1F11F2ADB01DB00FC6F14 /* PostCellModels.swift */,
				CEE1F1212ADB046800FC6F14 /* PostCellDataModel.swift */,
			);
			path = Models;
			sourceTree = "<group>";
		};
		CEE7B75C2AB0E06F001F740D = {
			isa = PBXGroup;
			children = (
				CEE1F11E2ADB01B000FC6F14 /* Models */,
				CEB0C3792AD870C700AE3AB9 /* Packages */,
				CEE7B7672AB0E06F001F740D /* Green */,
				CEE7B7662AB0E06F001F740D /* Products */,
				CEF513572AD87B0E004F9D42 /* Frameworks */,
			);
			sourceTree = "<group>";
		};
		CEE7B7662AB0E06F001F740D /* Products */ = {
			isa = PBXGroup;
			children = (
				CEE7B7652AB0E06F001F740D /* Green.app */,
			);
			name = Products;
			sourceTree = "<group>";
		};
		CEE7B7672AB0E06F001F740D /* Green */ = {
			isa = PBXGroup;
			children = (
				CEB0C3762AD5B4B000AE3AB9 /* Cell */,
				CEE7B7682AB0E070001F740D /* AppDelegate.swift */,
				CEE7B76A2AB0E070001F740D /* SceneDelegate.swift */,
				CEB0C3732AD4955200AE3AB9 /* Controllers */,
				CEE7B76E2AB0E070001F740D /* Main.storyboard */,
				CEE7B7712AB0E072001F740D /* Assets.xcassets */,
				CEE7B7732AB0E072001F740D /* LaunchScreen.storyboard */,
				CEE7B7762AB0E072001F740D /* Info.plist */,
				CEB0C36D2AD4948A00AE3AB9 /* Extentions */,
			);
			path = Green;
			sourceTree = "<group>";
		};
		CEF513572AD87B0E004F9D42 /* Frameworks */ = {
			isa = PBXGroup;
			children = (
			);
			name = Frameworks;
			sourceTree = "<group>";
		};
/* End PBXGroup section */

/* Begin PBXNativeTarget section */
		CEE7B7642AB0E06F001F740D /* Green */ = {
			isa = PBXNativeTarget;
			buildConfigurationList = CEE7B7792AB0E072001F740D /* Build configuration list for PBXNativeTarget "Green" */;
			buildPhases = (
				CEE7B7612AB0E06F001F740D /* Sources */,
				CEE7B7622AB0E06F001F740D /* Frameworks */,
				CEE7B7632AB0E06F001F740D /* Resources */,
			);
			buildRules = (
			);
			dependencies = (
			);
			name = Green;
			packageProductDependencies = (
				CEF513582AD87B0E004F9D42 /* PinLayout */,
				CEE1F11C2ADACBD700FC6F14 /* PinLayout */,
			);
			productName = Green;
			productReference = CEE7B7652AB0E06F001F740D /* Green.app */;
			productType = "com.apple.product-type.application";
		};
/* End PBXNativeTarget section */

/* Begin PBXProject section */
		CEE7B75D2AB0E06F001F740D /* Project object */ = {
			isa = PBXProject;
			attributes = {
				BuildIndependentTargetsInParallel = 1;
				LastSwiftUpdateCheck = 1430;
				LastUpgradeCheck = 1430;
				TargetAttributes = {
					CEE7B7642AB0E06F001F740D = {
						CreatedOnToolsVersion = 14.3.1;
					};
				};
			};
			buildConfigurationList = CEE7B7602AB0E06F001F740D /* Build configuration list for PBXProject "Green" */;
			compatibilityVersion = "Xcode 14.0";
			developmentRegion = en;
			hasScannedForEncodings = 0;
			knownRegions = (
				en,
				Base,
			);
			mainGroup = CEE7B75C2AB0E06F001F740D;
			packageReferences = (
				CEE1F11B2ADACBD700FC6F14 /* XCRemoteSwiftPackageReference "PinLayout" */,
			);
			productRefGroup = CEE7B7662AB0E06F001F740D /* Products */;
			projectDirPath = "";
			projectRoot = "";
			targets = (
				CEE7B7642AB0E06F001F740D /* Green */,
			);
		};
/* End PBXProject section */

/* Begin PBXResourcesBuildPhase section */
		CEE7B7632AB0E06F001F740D /* Resources */ = {
			isa = PBXResourcesBuildPhase;
			buildActionMask = 2147483647;
			files = (
				CEE7B7752AB0E072001F740D /* LaunchScreen.storyboard in Resources */,
				CEE7B7722AB0E072001F740D /* Assets.xcassets in Resources */,
				CEE7B7702AB0E070001F740D /* Main.storyboard in Resources */,
			);
			runOnlyForDeploymentPostprocessing = 0;
		};
/* End PBXResourcesBuildPhase section */

/* Begin PBXSourcesBuildPhase section */
		CEE7B7612AB0E06F001F740D /* Sources */ = {
			isa = PBXSourcesBuildPhase;
			buildActionMask = 2147483647;
			files = (
				CEE7B76D2AB0E070001F740D /* ViewController.swift in Sources */,
				CE2621282AE320A100ADD2A3 /* StoreController.swift in Sources */,
				CEE1F1222ADB046800FC6F14 /* PostCellDataModel.swift in Sources */,
				CE2621262AE31AFB00ADD2A3 /* TabBarController.swift in Sources */,
				CEB0C3752AD495EC00AE3AB9 /* UIColor+RGB.swift in Sources */,
				CE26212A2AE320B100ADD2A3 /* ProfileController.swift in Sources */,
				CEE1F1202ADB01DB00FC6F14 /* PostCellModels.swift in Sources */,
				CEE7B7692AB0E070001F740D /* AppDelegate.swift in Sources */,
				CEE7B76B2AB0E070001F740D /* SceneDelegate.swift in Sources */,
				CEE7B77F2AB37E2E001F740D /* ViewHomeController.swift in Sources */,
				CEB0C36F2AD494B000AE3AB9 /* UIColorExtentions.swift in Sources */,
				CEB0C3722AD4954400AE3AB9 /* Color.swift in Sources */,
				CEB0C3782AD5B4DF00AE3AB9 /* PostCell.swift in Sources */,
			);
			runOnlyForDeploymentPostprocessing = 0;
		};
/* End PBXSourcesBuildPhase section */

/* Begin PBXVariantGroup section */
		CEE7B76E2AB0E070001F740D /* Main.storyboard */ = {
			isa = PBXVariantGroup;
			children = (
				CEE7B76F2AB0E070001F740D /* Base */,
			);
			name = Main.storyboard;
			sourceTree = "<group>";
		};
		CEE7B7732AB0E072001F740D /* LaunchScreen.storyboard */ = {
			isa = PBXVariantGroup;
			children = (
				CEE7B7742AB0E072001F740D /* Base */,
			);
			name = LaunchScreen.storyboard;
			sourceTree = "<group>";
		};
/* End PBXVariantGroup section */

/* Begin XCBuildConfiguration section */
		CEE7B7772AB0E072001F740D /* Debug */ = {
			isa = XCBuildConfiguration;
			buildSettings = {
				ALWAYS_SEARCH_USER_PATHS = NO;
				CLANG_ANALYZER_NONNULL = YES;
				CLANG_ANALYZER_NUMBER_OBJECT_CONVERSION = YES_AGGRESSIVE;
				CLANG_CXX_LANGUAGE_STANDARD = "gnu++20";
				CLANG_ENABLE_MODULES = YES;
				CLANG_ENABLE_OBJC_ARC = YES;
				CLANG_ENABLE_OBJC_WEAK = YES;
				CLANG_WARN_BLOCK_CAPTURE_AUTORELEASING = YES;
				CLANG_WARN_BOOL_CONVERSION = YES;
				CLANG_WARN_COMMA = YES;
				CLANG_WARN_CONSTANT_CONVERSION = YES;
				CLANG_WARN_DEPRECATED_OBJC_IMPLEMENTATIONS = YES;
				CLANG_WARN_DIRECT_OBJC_ISA_USAGE = YES_ERROR;
				CLANG_WARN_DOCUMENTATION_COMMENTS = YES;
				CLANG_WARN_EMPTY_BODY = YES;
				CLANG_WARN_ENUM_CONVERSION = YES;
				CLANG_WARN_INFINITE_RECURSION = YES;
				CLANG_WARN_INT_CONVERSION = YES;
				CLANG_WARN_NON_LITERAL_NULL_CONVERSION = YES;
				CLANG_WARN_OBJC_IMPLICIT_RETAIN_SELF = YES;
				CLANG_WARN_OBJC_LITERAL_CONVERSION = YES;
				CLANG_WARN_OBJC_ROOT_CLASS = YES_ERROR;
				CLANG_WARN_QUOTED_INCLUDE_IN_FRAMEWORK_HEADER = YES;
				CLANG_WARN_RANGE_LOOP_ANALYSIS = YES;
				CLANG_WARN_STRICT_PROTOTYPES = YES;
				CLANG_WARN_SUSPICIOUS_MOVE = YES;
				CLANG_WARN_UNGUARDED_AVAILABILITY = YES_AGGRESSIVE;
				CLANG_WARN_UNREACHABLE_CODE = YES;
				CLANG_WARN__DUPLICATE_METHOD_MATCH = YES;
				COPY_PHASE_STRIP = NO;
				DEBUG_INFORMATION_FORMAT = dwarf;
				ENABLE_STRICT_OBJC_MSGSEND = YES;
				ENABLE_TESTABILITY = YES;
				GCC_C_LANGUAGE_STANDARD = gnu11;
				GCC_DYNAMIC_NO_PIC = NO;
				GCC_NO_COMMON_BLOCKS = YES;
				GCC_OPTIMIZATION_LEVEL = 0;
				GCC_PREPROCESSOR_DEFINITIONS = (
					"DEBUG=1",
					"$(inherited)",
				);
				GCC_WARN_64_TO_32_BIT_CONVERSION = YES;
				GCC_WARN_ABOUT_RETURN_TYPE = YES_ERROR;
				GCC_WARN_UNDECLARED_SELECTOR = YES;
				GCC_WARN_UNINITIALIZED_AUTOS = YES_AGGRESSIVE;
				GCC_WARN_UNUSED_FUNCTION = YES;
				GCC_WARN_UNUSED_VARIABLE = YES;
				IPHONEOS_DEPLOYMENT_TARGET = 16.0;
				MTL_ENABLE_DEBUG_INFO = INCLUDE_SOURCE;
				MTL_FAST_MATH = YES;
				ONLY_ACTIVE_ARCH = YES;
				SDKROOT = iphoneos;
				SWIFT_ACTIVE_COMPILATION_CONDITIONS = DEBUG;
				SWIFT_OPTIMIZATION_LEVEL = "-Onone";
			};
			name = Debug;
		};
		CEE7B7782AB0E072001F740D /* Release */ = {
			isa = XCBuildConfiguration;
			buildSettings = {
				ALWAYS_SEARCH_USER_PATHS = NO;
				CLANG_ANALYZER_NONNULL = YES;
				CLANG_ANALYZER_NUMBER_OBJECT_CONVERSION = YES_AGGRESSIVE;
				CLANG_CXX_LANGUAGE_STANDARD = "gnu++20";
				CLANG_ENABLE_MODULES = YES;
				CLANG_ENABLE_OBJC_ARC = YES;
				CLANG_ENABLE_OBJC_WEAK = YES;
				CLANG_WARN_BLOCK_CAPTURE_AUTORELEASING = YES;
				CLANG_WARN_BOOL_CONVERSION = YES;
				CLANG_WARN_COMMA = YES;
				CLANG_WARN_CONSTANT_CONVERSION = YES;
				CLANG_WARN_DEPRECATED_OBJC_IMPLEMENTATIONS = YES;
				CLANG_WARN_DIRECT_OBJC_ISA_USAGE = YES_ERROR;
				CLANG_WARN_DOCUMENTATION_COMMENTS = YES;
				CLANG_WARN_EMPTY_BODY = YES;
				CLANG_WARN_ENUM_CONVERSION = YES;
				CLANG_WARN_INFINITE_RECURSION = YES;
				CLANG_WARN_INT_CONVERSION = YES;
				CLANG_WARN_NON_LITERAL_NULL_CONVERSION = YES;
				CLANG_WARN_OBJC_IMPLICIT_RETAIN_SELF = YES;
				CLANG_WARN_OBJC_LITERAL_CONVERSION = YES;
				CLANG_WARN_OBJC_ROOT_CLASS = YES_ERROR;
				CLANG_WARN_QUOTED_INCLUDE_IN_FRAMEWORK_HEADER = YES;
				CLANG_WARN_RANGE_LOOP_ANALYSIS = YES;
				CLANG_WARN_STRICT_PROTOTYPES = YES;
				CLANG_WARN_SUSPICIOUS_MOVE = YES;
				CLANG_WARN_UNGUARDED_AVAILABILITY = YES_AGGRESSIVE;
				CLANG_WARN_UNREACHABLE_CODE = YES;
				CLANG_WARN__DUPLICATE_METHOD_MATCH = YES;
				COPY_PHASE_STRIP = NO;
				DEBUG_INFORMATION_FORMAT = "dwarf-with-dsym";
				ENABLE_NS_ASSERTIONS = NO;
				ENABLE_STRICT_OBJC_MSGSEND = YES;
				GCC_C_LANGUAGE_STANDARD = gnu11;
				GCC_NO_COMMON_BLOCKS = YES;
				GCC_WARN_64_TO_32_BIT_CONVERSION = YES;
				GCC_WARN_ABOUT_RETURN_TYPE = YES_ERROR;
				GCC_WARN_UNDECLARED_SELECTOR = YES;
				GCC_WARN_UNINITIALIZED_AUTOS = YES_AGGRESSIVE;
				GCC_WARN_UNUSED_FUNCTION = YES;
				GCC_WARN_UNUSED_VARIABLE = YES;
				IPHONEOS_DEPLOYMENT_TARGET = 16.0;
				MTL_ENABLE_DEBUG_INFO = NO;
				MTL_FAST_MATH = YES;
				SDKROOT = iphoneos;
				SWIFT_COMPILATION_MODE = wholemodule;
				SWIFT_OPTIMIZATION_LEVEL = "-O";
				VALIDATE_PRODUCT = YES;
			};
			name = Release;
		};
		CEE7B77A2AB0E072001F740D /* Debug */ = {
			isa = XCBuildConfiguration;
			buildSettings = {
				ASSETCATALOG_COMPILER_APPICON_NAME = AppIcon;
				ASSETCATALOG_COMPILER_GLOBAL_ACCENT_COLOR_NAME = AccentColor;
				CODE_SIGN_STYLE = Automatic;
				CURRENT_PROJECT_VERSION = 1;
				GENERATE_INFOPLIST_FILE = YES;
				INFOPLIST_FILE = Green/Info.plist;
				INFOPLIST_KEY_CFBundleDisplayName = GreenApp;
				INFOPLIST_KEY_UIApplicationSupportsIndirectInputEvents = YES;
				INFOPLIST_KEY_UILaunchStoryboardName = LaunchScreen;
				INFOPLIST_KEY_UIMainStoryboardFile = Main;
				INFOPLIST_KEY_UISupportedInterfaceOrientations_iPad = "UIInterfaceOrientationPortrait UIInterfaceOrientationPortraitUpsideDown UIInterfaceOrientationLandscapeLeft UIInterfaceOrientationLandscapeRight";
				INFOPLIST_KEY_UISupportedInterfaceOrientations_iPhone = "UIInterfaceOrientationPortrait UIInterfaceOrientationLandscapeLeft UIInterfaceOrientationLandscapeRight";
				IPHONEOS_DEPLOYMENT_TARGET = 16.0;
				LD_RUNPATH_SEARCH_PATHS = (
					"$(inherited)",
					"@executable_path/Frameworks",
				);
				MARKETING_VERSION = 1.0;
				PRODUCT_BUNDLE_IDENTIFIER = PechenovaD.Green;
				PRODUCT_NAME = "$(TARGET_NAME)";
				SWIFT_EMIT_LOC_STRINGS = YES;
				SWIFT_VERSION = 5.0;
				TARGETED_DEVICE_FAMILY = "1,2";
			};
			name = Debug;
		};
		CEE7B77B2AB0E072001F740D /* Release */ = {
			isa = XCBuildConfiguration;
			buildSettings = {
				ASSETCATALOG_COMPILER_APPICON_NAME = AppIcon;
				ASSETCATALOG_COMPILER_GLOBAL_ACCENT_COLOR_NAME = AccentColor;
				CODE_SIGN_STYLE = Automatic;
				CURRENT_PROJECT_VERSION = 1;
				GENERATE_INFOPLIST_FILE = YES;
				INFOPLIST_FILE = Green/Info.plist;
				INFOPLIST_KEY_CFBundleDisplayName = GreenApp;
				INFOPLIST_KEY_UIApplicationSupportsIndirectInputEvents = YES;
				INFOPLIST_KEY_UILaunchStoryboardName = LaunchScreen;
				INFOPLIST_KEY_UIMainStoryboardFile = Main;
				INFOPLIST_KEY_UISupportedInterfaceOrientations_iPad = "UIInterfaceOrientationPortrait UIInterfaceOrientationPortraitUpsideDown UIInterfaceOrientationLandscapeLeft UIInterfaceOrientationLandscapeRight";
				INFOPLIST_KEY_UISupportedInterfaceOrientations_iPhone = "UIInterfaceOrientationPortrait UIInterfaceOrientationLandscapeLeft UIInterfaceOrientationLandscapeRight";
				IPHONEOS_DEPLOYMENT_TARGET = 16.0;
				LD_RUNPATH_SEARCH_PATHS = (
					"$(inherited)",
					"@executable_path/Frameworks",
				);
				MARKETING_VERSION = 1.0;
				PRODUCT_BUNDLE_IDENTIFIER = PechenovaD.Green;
				PRODUCT_NAME = "$(TARGET_NAME)";
				SWIFT_EMIT_LOC_STRINGS = YES;
				SWIFT_VERSION = 5.0;
				TARGETED_DEVICE_FAMILY = "1,2";
			};
			name = Release;
		};
/* End XCBuildConfiguration section */

/* Begin XCConfigurationList section */
		CEE7B7602AB0E06F001F740D /* Build configuration list for PBXProject "Green" */ = {
			isa = XCConfigurationList;
			buildConfigurations = (
				CEE7B7772AB0E072001F740D /* Debug */,
				CEE7B7782AB0E072001F740D /* Release */,
			);
			defaultConfigurationIsVisible = 0;
			defaultConfigurationName = Release;
		};
		CEE7B7792AB0E072001F740D /* Build configuration list for PBXNativeTarget "Green" */ = {
			isa = XCConfigurationList;
			buildConfigurations = (
				CEE7B77A2AB0E072001F740D /* Debug */,
				CEE7B77B2AB0E072001F740D /* Release */,
			);
			defaultConfigurationIsVisible = 0;
			defaultConfigurationName = Release;
		};
/* End XCConfigurationList section */

/* Begin XCRemoteSwiftPackageReference section */
		CEE1F11B2ADACBD700FC6F14 /* XCRemoteSwiftPackageReference "PinLayout" */ = {
			isa = XCRemoteSwiftPackageReference;
			repositoryURL = "https://github.com/layoutBox/PinLayout";
			requirement = {
				kind = upToNextMajorVersion;
				minimumVersion = 1.10.4;
			};
		};
/* End XCRemoteSwiftPackageReference section */

/* Begin XCSwiftPackageProductDependency section */
		CEE1F11C2ADACBD700FC6F14 /* PinLayout */ = {
			isa = XCSwiftPackageProductDependency;
			package = CEE1F11B2ADACBD700FC6F14 /* XCRemoteSwiftPackageReference "PinLayout" */;
			productName = PinLayout;
		};
		CEF513582AD87B0E004F9D42 /* PinLayout */ = {
			isa = XCSwiftPackageProductDependency;
			productName = PinLayout;
		};
/* End XCSwiftPackageProductDependency section */
	};
	rootObject = CEE7B75D2AB0E06F001F740D /* Project object */;
}
